PODS:
  - Capacitor (4.8.0):
    - CapacitorCordova
  - CapacitorCordova (4.8.0)

DEPENDENCIES:
  - "Capacitor (from `../node_modules/@capacitor/ios`)"
  - "CapacitorCordova (from `../node_modules/@capacitor/ios`)"

EXTERNAL SOURCES:
  Capacitor:
    :path: "../node_modules/@capacitor/ios"
  CapacitorCordova:
    :path: "../node_modules/@capacitor/ios"

SPEC CHECKSUMS:
  Capacitor: 6002aadd64492438e5242325025045235dcb7e84
  CapacitorCordova: c6249dcb2cf04dd835c0e99df1df4b9c8ad997e2

PODFILE CHECKSUM: 14e8b2400457751b865e1c327e7cfa1c6fa67da6

COCOAPODS: 1.10.0
