PODS:
  - Capacitor (3.4.2):
    - CapacitorCordova
  - CapacitorCordova (3.4.2)

DEPENDENCIES:
  - "Capacitor (from `../node_modules/@capacitor/ios`)"
  - "CapacitorCordova (from `../node_modules/@capacitor/ios`)"

EXTERNAL SOURCES:
  Capacitor:
    :path: "../node_modules/@capacitor/ios"
  CapacitorCordova:
    :path: "../node_modules/@capacitor/ios"

SPEC CHECKSUMS:
  Capacitor: f40add5a3193435de019e124670e28eff77231d4
  CapacitorCordova: 13e25cb3d0388db149ea26032a7d6350cb8c8eee

PODFILE CHECKSUM: d908dea01cb4b1885654341d3f4274148fb6d382

COCOAPODS: 1.10.0
